
Microsoft Visual Studio Solution File, Format Version 12.00
# Visual Studio 15
VisualStudioVersion = 15.0.28307.421
MinimumVisualStudioVersion = 10.0.40219.1
Project("{2150E333-8FDC-42A3-9474-1A3956D46DE8}") = "Src", "Src", "{6C4F3AF0-2326-466A-AD6F-2542C2ADD882}"
EndProject
Project("{2150E333-8FDC-42A3-9474-1A3956D46DE8}") = "Test", "Test", "{6FD1F45E-38EB-4F79-A6D8-8113060BCDB4}"
EndProject
Project("{9A19103F-16F7-4668-BE54-9A1E7A4F7556}") = "Faster", "Src\Faster\Faster.csproj", "{24D4365B-2DC6-4E0E-8836-05DAA49F91E0}"
EndProject
Project("{9A19103F-16F7-4668-BE54-9A1E7A4F7556}") = "Model", "Src\Model\Model.csproj", "{4F1A6DD1-42B1-490E-B23D-9BE5C50C4AAD}"
EndProject
Project("{9A19103F-16F7-4668-BE54-9A1E7A4F7556}") = "Repository", "Src\Repository\Repository.csproj", "{9BDEE974-378E-4807-9545-7C3EC9F5FBD0}"
EndProject
Project("{9A19103F-16F7-4668-BE54-9A1E7A4F7556}") = "Service", "Src\Service\Service.csproj", "{9EB7F972-F912-4FF7-AB53-24BEFCF69594}"
EndProject
Project("{9A19103F-16F7-4668-BE54-9A1E7A4F7556}") = "UnitTest", "UnitTest\UnitTest.csproj", "{D06FE279-318B-4675-A2BF-E2C155F7AE63}"
EndProject
Project("{9A19103F-16F7-4668-BE54-9A1E7A4F7556}") = "FasterContainer", "Src\FasterContainer\FasterContainer.csproj", "{C844667D-5410-4A90-9C42-7CC7437D3CB2}"
EndProject
Project("{2150E333-8FDC-42A3-9474-1A3956D46DE8}") = "Solution Items", "Solution Items", "{D7344965-6CDC-44EA-BF1C-599746B9DE79}"
	ProjectSection(SolutionItems) = preProject
		README.md = README.md
	EndProjectSection
EndProject
Global
	GlobalSection(SolutionConfigurationPlatforms) = preSolution
		Debug|Any CPU = Debug|Any CPU
		Release|Any CPU = Release|Any CPU
	EndGlobalSection
	GlobalSection(ProjectConfigurationPlatforms) = postSolution
		{24D4365B-2DC6-4E0E-8836-05DAA49F91E0}.Debug|Any CPU.ActiveCfg = Debug|Any CPU
		{24D4365B-2DC6-4E0E-8836-05DAA49F91E0}.Debug|Any CPU.Build.0 = Debug|Any CPU
		{24D4365B-2DC6-4E0E-8836-05DAA49F91E0}.Release|Any CPU.ActiveCfg = Release|Any CPU
		{24D4365B-2DC6-4E0E-8836-05DAA49F91E0}.Release|Any CPU.Build.0 = Release|Any CPU
		{4F1A6DD1-42B1-490E-B23D-9BE5C50C4AAD}.Debug|Any CPU.ActiveCfg = Debug|Any CPU
		{4F1A6DD1-42B1-490E-B23D-9BE5C50C4AAD}.Debug|Any CPU.Build.0 = Debug|Any CPU
		{4F1A6DD1-42B1-490E-B23D-9BE5C50C4AAD}.Release|Any CPU.ActiveCfg = Release|Any CPU
		{4F1A6DD1-42B1-490E-B23D-9BE5C50C4AAD}.Release|Any CPU.Build.0 = Release|Any CPU
		{9BDEE974-378E-4807-9545-7C3EC9F5FBD0}.Debug|Any CPU.ActiveCfg = Debug|Any CPU
		{9BDEE974-378E-4807-9545-7C3EC9F5FBD0}.Debug|Any CPU.Build.0 = Debug|Any CPU
		{9BDEE974-378E-4807-9545-7C3EC9F5FBD0}.Release|Any CPU.ActiveCfg = Release|Any CPU
		{9BDEE974-378E-4807-9545-7C3EC9F5FBD0}.Release|Any CPU.Build.0 = Release|Any CPU
		{9EB7F972-F912-4FF7-AB53-24BEFCF69594}.Debug|Any CPU.ActiveCfg = Debug|Any CPU
		{9EB7F972-F912-4FF7-AB53-24BEFCF69594}.Debug|Any CPU.Build.0 = Debug|Any CPU
		{9EB7F972-F912-4FF7-AB53-24BEFCF69594}.Release|Any CPU.ActiveCfg = Release|Any CPU
		{9EB7F972-F912-4FF7-AB53-24BEFCF69594}.Release|Any CPU.Build.0 = Release|Any CPU
		{D06FE279-318B-4675-A2BF-E2C155F7AE63}.Debug|Any CPU.ActiveCfg = Debug|Any CPU
		{D06FE279-318B-4675-A2BF-E2C155F7AE63}.Debug|Any CPU.Build.0 = Debug|Any CPU
		{D06FE279-318B-4675-A2BF-E2C155F7AE63}.Release|Any CPU.ActiveCfg = Release|Any CPU
		{D06FE279-318B-4675-A2BF-E2C155F7AE63}.Release|Any CPU.Build.0 = Release|Any CPU
		{C844667D-5410-4A90-9C42-7CC7437D3CB2}.Debug|Any CPU.ActiveCfg = Debug|Any CPU
		{C844667D-5410-4A90-9C42-7CC7437D3CB2}.Debug|Any CPU.Build.0 = Debug|Any CPU
		{C844667D-5410-4A90-9C42-7CC7437D3CB2}.Release|Any CPU.ActiveCfg = Release|Any CPU
		{C844667D-5410-4A90-9C42-7CC7437D3CB2}.Release|Any CPU.Build.0 = Release|Any CPU
	EndGlobalSection
	GlobalSection(SolutionProperties) = preSolution
		HideSolutionNode = FALSE
	EndGlobalSection
	GlobalSection(NestedProjects) = preSolution
		{24D4365B-2DC6-4E0E-8836-05DAA49F91E0} = {6C4F3AF0-2326-466A-AD6F-2542C2ADD882}
		{4F1A6DD1-42B1-490E-B23D-9BE5C50C4AAD} = {6C4F3AF0-2326-466A-AD6F-2542C2ADD882}
		{9BDEE974-378E-4807-9545-7C3EC9F5FBD0} = {6C4F3AF0-2326-466A-AD6F-2542C2ADD882}
		{9EB7F972-F912-4FF7-AB53-24BEFCF69594} = {6C4F3AF0-2326-466A-AD6F-2542C2ADD882}
		{D06FE279-318B-4675-A2BF-E2C155F7AE63} = {6FD1F45E-38EB-4F79-A6D8-8113060BCDB4}
		{C844667D-5410-4A90-9C42-7CC7437D3CB2} = {6C4F3AF0-2326-466A-AD6F-2542C2ADD882}
	EndGlobalSection
	GlobalSection(ExtensibilityGlobals) = postSolution
		SolutionGuid = {70D19261-70E7-4D5C-8994-709A2B79644B}
	EndGlobalSection
EndGlobal
