
Microsoft Visual Studio Solution File, Format Version 12.00
# Visual Studio 15
VisualStudioVersion = 15.0.28307.421
MinimumVisualStudioVersion = 10.0.40219.1
Project("{2150E333-8FDC-42A3-9474-1A3956D46DE8}") = "Src", "Src", "{6C4F3AF0-2326-466A-AD6F-2542C2ADD882}"
EndProject
Project("{2150E333-8FDC-42A3-9474-1A3956D46DE8}") = "Test", "Test", "{6FD1F45E-38EB-4F79-A6D8-8113060BCDB4}"
EndProject
Project("{9A19103F-16F7-4668-BE54-9A1E7A4F7556}") = "Faster", "Faster\Faster.csproj", "{18968D95-A06A-460F-B846-3FB5A4F15FF2}"
EndProject
Project("{9A19103F-16F7-4668-BE54-9A1E7A4F7556}") = "Model", "Model\Model.csproj", "{880D3D88-02AD-4280-8B3A-46737A08B9DF}"
EndProject
Project("{9A19103F-16F7-4668-BE54-9A1E7A4F7556}") = "UnitTest", "UnitTest\UnitTest.csproj", "{E69F2CB6-4F97-45B4-81E7-71DDFC7D76AA}"
EndProject
Project("{FAE04EC0-301F-11D3-BF4B-00C04F79EFBC}") = "Repository", "Repository\Repository.csproj", "{8D1FAB6A-1537-4686-8012-CF0B14BB3E7C}"
EndProject
Project("{FAE04EC0-301F-11D3-BF4B-00C04F79EFBC}") = "Service", "Service\Service.csproj", "{112835FE-16FF-43CD-9F6C-40AA1A6539C6}"
EndProject
Global
	GlobalSection(SolutionConfigurationPlatforms) = preSolution
		Debug|Any CPU = Debug|Any CPU
		Release|Any CPU = Release|Any CPU
	EndGlobalSection
	GlobalSection(ProjectConfigurationPlatforms) = postSolution
		{18968D95-A06A-460F-B846-3FB5A4F15FF2}.Debug|Any CPU.ActiveCfg = Debug|Any CPU
		{18968D95-A06A-460F-B846-3FB5A4F15FF2}.Debug|Any CPU.Build.0 = Debug|Any CPU
		{18968D95-A06A-460F-B846-3FB5A4F15FF2}.Release|Any CPU.ActiveCfg = Release|Any CPU
		{18968D95-A06A-460F-B846-3FB5A4F15FF2}.Release|Any CPU.Build.0 = Release|Any CPU
		{880D3D88-02AD-4280-8B3A-46737A08B9DF}.Debug|Any CPU.ActiveCfg = Debug|Any CPU
		{880D3D88-02AD-4280-8B3A-46737A08B9DF}.Debug|Any CPU.Build.0 = Debug|Any CPU
		{880D3D88-02AD-4280-8B3A-46737A08B9DF}.Release|Any CPU.ActiveCfg = Release|Any CPU
		{880D3D88-02AD-4280-8B3A-46737A08B9DF}.Release|Any CPU.Build.0 = Release|Any CPU
		{E69F2CB6-4F97-45B4-81E7-71DDFC7D76AA}.Debug|Any CPU.ActiveCfg = Debug|Any CPU
		{E69F2CB6-4F97-45B4-81E7-71DDFC7D76AA}.Debug|Any CPU.Build.0 = Debug|Any CPU
		{E69F2CB6-4F97-45B4-81E7-71DDFC7D76AA}.Release|Any CPU.ActiveCfg = Release|Any CPU
		{E69F2CB6-4F97-45B4-81E7-71DDFC7D76AA}.Release|Any CPU.Build.0 = Release|Any CPU
		{8D1FAB6A-1537-4686-8012-CF0B14BB3E7C}.Debug|Any CPU.ActiveCfg = Debug|Any CPU
		{8D1FAB6A-1537-4686-8012-CF0B14BB3E7C}.Debug|Any CPU.Build.0 = Debug|Any CPU
		{8D1FAB6A-1537-4686-8012-CF0B14BB3E7C}.Release|Any CPU.ActiveCfg = Release|Any CPU
		{8D1FAB6A-1537-4686-8012-CF0B14BB3E7C}.Release|Any CPU.Build.0 = Release|Any CPU
		{112835FE-16FF-43CD-9F6C-40AA1A6539C6}.Debug|Any CPU.ActiveCfg = Debug|Any CPU
		{112835FE-16FF-43CD-9F6C-40AA1A6539C6}.Debug|Any CPU.Build.0 = Debug|Any CPU
		{112835FE-16FF-43CD-9F6C-40AA1A6539C6}.Release|Any CPU.ActiveCfg = Release|Any CPU
		{112835FE-16FF-43CD-9F6C-40AA1A6539C6}.Release|Any CPU.Build.0 = Release|Any CPU
	EndGlobalSection
	GlobalSection(SolutionProperties) = preSolution
		HideSolutionNode = FALSE
	EndGlobalSection
	GlobalSection(NestedProjects) = preSolution
		{18968D95-A06A-460F-B846-3FB5A4F15FF2} = {6C4F3AF0-2326-466A-AD6F-2542C2ADD882}
		{880D3D88-02AD-4280-8B3A-46737A08B9DF} = {6C4F3AF0-2326-466A-AD6F-2542C2ADD882}
		{E69F2CB6-4F97-45B4-81E7-71DDFC7D76AA} = {6FD1F45E-38EB-4F79-A6D8-8113060BCDB4}
		{8D1FAB6A-1537-4686-8012-CF0B14BB3E7C} = {6C4F3AF0-2326-466A-AD6F-2542C2ADD882}
		{112835FE-16FF-43CD-9F6C-40AA1A6539C6} = {6C4F3AF0-2326-466A-AD6F-2542C2ADD882}
	EndGlobalSection
	GlobalSection(ExtensibilityGlobals) = postSolution
		SolutionGuid = {70D19261-70E7-4D5C-8994-709A2B79644B}
	EndGlobalSection
EndGlobal
